# THIS IS AN AUTOGENERATED FILE. DO NOT EDIT THIS FILE DIRECTLY.
# yarn lockfile v1


camelcase@^7.0.0:
  version "7.0.0"
  resolved "https://registry.yarnpkg.com/camelcase/-/camelcase-7.0.0.tgz#fd112621b212126741f998d614cbc2a8623fd174"
  integrity sha512-JToIvOmz6nhGsUhAYScbo2d6Py5wojjNfoxoc2mEVLUdJ70gJK2gnd+ABY1Tc3sVMyK7QDPtN0T/XdlCQWITyQ==

mkdirp@^1.0.4:
  version "1.0.4"
  resolved "https://registry.yarnpkg.com/mkdirp/-/mkdirp-1.0.4.tgz#3eb5ed62622756d79a5f0e2a221dfebad75c2f7e"
  integrity sha512-vVqVZQyf3WLx2Shd0qJ9xuvqgAyKPLAiqITEtqW0oIUjzo3PePDd6fW9iFz30ef7Ysp/oiWqbhszeGWW2T6Gzw==
